
Microsoft Visual Studio Solution File, Format Version 12.00
# Visual Studio 15
VisualStudioVersion = 15.0.28307.421
MinimumVisualStudioVersion = 10.0.40219.1
Project("{FAE04EC0-301F-11D3-BF4B-00C04F79EFBC}") = "ReserveApp", "ReserveApp\ReserveApp.csproj", "{1783942B-9DDC-4741-9FB7-DA19AEAA2329}"
EndProject
Global
	GlobalSection(SolutionConfigurationPlatforms) = preSolution
		Debug|Any CPU = Debug|Any CPU
		Release|Any CPU = Release|Any CPU
	EndGlobalSection
	GlobalSection(ProjectConfigurationPlatforms) = postSolution
		{1783942B-9DDC-4741-9FB7-DA19AEAA2329}.Debug|Any CPU.ActiveCfg = Debug|Any CPU
		{1783942B-9DDC-4741-9FB7-DA19AEAA2329}.Debug|Any CPU.Build.0 = Debug|Any CPU
		{1783942B-9DDC-4741-9FB7-DA19AEAA2329}.Release|Any CPU.ActiveCfg = Release|Any CPU
		{1783942B-9DDC-4741-9FB7-DA19AEAA2329}.Release|Any CPU.Build.0 = Release|Any CPU
	EndGlobalSection
	GlobalSection(SolutionProperties) = preSolution
		HideSolutionNode = FALSE
	EndGlobalSection
	GlobalSection(ExtensibilityGlobals) = postSolution
		SolutionGuid = {9B556469-7DC8-4AF0-8AF1-46D26916AB6A}
	EndGlobalSection
EndGlobal
